# THIS IS AN AUTOGENERATED FILE. DO NOT EDIT THIS FILE DIRECTLY.
# yarn lockfile v1


"@sunflower-hooks/store@0.0.0-alpha.2":
  version "0.0.0-alpha.2"
  resolved "https://registry.yarnpkg.com/@sunflower-hooks/store/-/store-0.0.0-alpha.2.tgz#6ef0c1de58e4b1c84a1117046bfee8a649666985"
  integrity sha512-An2hFagTl4lC/+jMFduh9IcxoCwTunk9y7Mrpg52IJEjbU7TFnkizy2WPU7E4FNRuH+lhgbdjG9hGaj6efHmhw==
